// !$*UTF8*$!
{
	archiveVersion = 1;
	classes = {
	};
	objectVersion = 55;
	objects = {

/* Begin PBXBuildFile section */
		DB01D2FA27AE801A00DA13D2 /* Owner.swift in Sources */ = {isa = PBXBuildFile; fileRef = DB01D2F927AE801A00DA13D2 /* Owner.swift */; };
		DB01D2FC27AE819E00DA13D2 /* OwnerViewModel.swift in Sources */ = {isa = PBXBuildFile; fileRef = DB01D2FB27AE819E00DA13D2 /* OwnerViewModel.swift */; };
		DB01D2FF27AFC60700DA13D2 /* HoustonView.swift in Sources */ = {isa = PBXBuildFile; fileRef = DB01D2FE27AFC60700DA13D2 /* HoustonView.swift */; };
		DB229FFD27B152A400D0AE16 /* NetworkMonitor.swift in Sources */ = {isa = PBXBuildFile; fileRef = DB229FFC27B152A400D0AE16 /* NetworkMonitor.swift */; };
		DB22A00027B1541C00D0AE16 /* ErrorNetworkView.swift in Sources */ = {isa = PBXBuildFile; fileRef = DB229FFF27B1541C00D0AE16 /* ErrorNetworkView.swift */; };
		DB2D05A727BDE9BD00846CCD /* UserViewModel.swift in Sources */ = {isa = PBXBuildFile; fileRef = DB2D05A627BDE9BD00846CCD /* UserViewModel.swift */; };
		DB2DD91727ABFECC001ACB18 /* NavigationBarModifier.swift in Sources */ = {isa = PBXBuildFile; fileRef = DB2DD91627ABFECC001ACB18 /* NavigationBarModifier.swift */; };
		DB31BA9727A91617009F0F74 /* GitHubRepositoriesApp.swift in Sources */ = {isa = PBXBuildFile; fileRef = DB31BA9627A91617009F0F74 /* GitHubRepositoriesApp.swift */; };
		DB31BA9927A91617009F0F74 /* AuthView.swift in Sources */ = {isa = PBXBuildFile; fileRef = DB31BA9827A91617009F0F74 /* AuthView.swift */; };
		DB31BA9B27A91619009F0F74 /* Assets.xcassets in Resources */ = {isa = PBXBuildFile; fileRef = DB31BA9A27A91619009F0F74 /* Assets.xcassets */; };
		DB31BA9E27A91619009F0F74 /* Preview Assets.xcassets in Resources */ = {isa = PBXBuildFile; fileRef = DB31BA9D27A91619009F0F74 /* Preview Assets.xcassets */; };
		DB31BAA727A92942009F0F74 /* RepositoriesListView.swift in Sources */ = {isa = PBXBuildFile; fileRef = DB31BAA627A92941009F0F74 /* RepositoriesListView.swift */; };
		DB31BAA927A929B9009F0F74 /* AuthViewModel.swift in Sources */ = {isa = PBXBuildFile; fileRef = DB31BAA827A929B8009F0F74 /* AuthViewModel.swift */; };
		DB31BAAC27A93477009F0F74 /* NetworkManager.swift in Sources */ = {isa = PBXBuildFile; fileRef = DB31BAAB27A93477009F0F74 /* NetworkManager.swift */; };
		DB31BAAF27AA557B009F0F74 /* User.swift in Sources */ = {isa = PBXBuildFile; fileRef = DB31BAAE27AA557A009F0F74 /* User.swift */; };
		DB31BAB127AA55F3009F0F74 /* Repository.swift in Sources */ = {isa = PBXBuildFile; fileRef = DB31BAB027AA55F3009F0F74 /* Repository.swift */; };
		DB31BAB327AA5B4F009F0F74 /* StarterView.swift in Sources */ = {isa = PBXBuildFile; fileRef = DB31BAB227AA5B4F009F0F74 /* StarterView.swift */; };
		DB31BAB827AA670B009F0F74 /* RepositoriesListViewModel.swift in Sources */ = {isa = PBXBuildFile; fileRef = DB31BAB727AA670A009F0F74 /* RepositoriesListViewModel.swift */; };
		DB31BABB27AA72FF009F0F74 /* ForestButtonView.swift in Sources */ = {isa = PBXBuildFile; fileRef = DB31BABA27AA72FF009F0F74 /* ForestButtonView.swift */; };
		DB31BABD27AA762E009F0F74 /* SpinnerView.swift in Sources */ = {isa = PBXBuildFile; fileRef = DB31BABC27AA762E009F0F74 /* SpinnerView.swift */; };
		DB31BAC027AA91C7009F0F74 /* ForestButtonStyle.swift in Sources */ = {isa = PBXBuildFile; fileRef = DB31BABF27AA91C7009F0F74 /* ForestButtonStyle.swift */; };
		DB31BAC227AA927E009F0F74 /* BlackTextFieldStyle.swift in Sources */ = {isa = PBXBuildFile; fileRef = DB31BAC127AA927E009F0F74 /* BlackTextFieldStyle.swift */; };
		DB31BAC527AA9A57009F0F74 /* Hidden.swift in Sources */ = {isa = PBXBuildFile; fileRef = DB31BAC427AA9A57009F0F74 /* Hidden.swift */; };
		DB31BAC827AAA275009F0F74 /* Extension + UIApplication.swift in Sources */ = {isa = PBXBuildFile; fileRef = DB31BAC727AAA275009F0F74 /* Extension + UIApplication.swift */; };
		DB31BACA27AAA7E8009F0F74 /* Extension + UIWindow.swift in Sources */ = {isa = PBXBuildFile; fileRef = DB31BAC927AAA7E8009F0F74 /* Extension + UIWindow.swift */; };
		DB31BACC27AAB108009F0F74 /* .gitignore in Resources */ = {isa = PBXBuildFile; fileRef = DB31BACB27AAB107009F0F74 /* .gitignore */; };
		DB31BAD127AB980A009F0F74 /* Extension + UIDevice.swift in Sources */ = {isa = PBXBuildFile; fileRef = DB31BAD027AB9809009F0F74 /* Extension + UIDevice.swift */; };
		DB31BAD327ABBBFE009F0F74 /* RepositoryRowView.swift in Sources */ = {isa = PBXBuildFile; fileRef = DB31BAD227ABBBFE009F0F74 /* RepositoryRowView.swift */; };
		DB31BAD527ABBD11009F0F74 /* RepositoryViewModel.swift in Sources */ = {isa = PBXBuildFile; fileRef = DB31BAD427ABBD11009F0F74 /* RepositoryViewModel.swift */; };
		DB67353E27ACCBBE002DF23E /* ToolbarExitButtonView.swift in Sources */ = {isa = PBXBuildFile; fileRef = DB67353D27ACCBBE002DF23E /* ToolbarExitButtonView.swift */; };
		DB67354027ACCFE0002DF23E /* PageManager.swift in Sources */ = {isa = PBXBuildFile; fileRef = DB67353F27ACCFE0002DF23E /* PageManager.swift */; };
		DB67354527ACE899002DF23E /* RepositoryDetailView.swift in Sources */ = {isa = PBXBuildFile; fileRef = DB67354427ACE899002DF23E /* RepositoryDetailView.swift */; };
		DB67354727AD016B002DF23E /* LicenseView.swift in Sources */ = {isa = PBXBuildFile; fileRef = DB67354627AD016B002DF23E /* LicenseView.swift */; };
		DB67354927AD23AC002DF23E /* InfoView.swift in Sources */ = {isa = PBXBuildFile; fileRef = DB67354827AD23AC002DF23E /* InfoView.swift */; };
		DB67354B27AD3E11002DF23E /* License.swift in Sources */ = {isa = PBXBuildFile; fileRef = DB67354A27AD3E11002DF23E /* License.swift */; };
		DB67354D27AD54D3002DF23E /* LicenseViewModel.swift in Sources */ = {isa = PBXBuildFile; fileRef = DB67354C27AD54D2002DF23E /* LicenseViewModel.swift */; };
		DB67355027AD74D7002DF23E /* Helper.swift in Sources */ = {isa = PBXBuildFile; fileRef = DB67354F27AD74D7002DF23E /* Helper.swift */; };
		DB90826727B65B2000F99916 /* PullToRefresh.swift in Sources */ = {isa = PBXBuildFile; fileRef = DB90826627B65B2000F99916 /* PullToRefresh.swift */; };
		DBB8528127AE66A4002521DC /* MarkdownUI in Frameworks */ = {isa = PBXBuildFile; productRef = DBB8528027AE66A4002521DC /* MarkdownUI */; };
		DBC5391027B1167900D1329D /* LoadingIndicatorView.swift in Sources */ = {isa = PBXBuildFile; fileRef = DBC5390F27B1167900D1329D /* LoadingIndicatorView.swift */; };
		DBF6630E27B21D50009D91CF /* AppStorageManager.swift in Sources */ = {isa = PBXBuildFile; fileRef = DBF6630D27B21D50009D91CF /* AppStorageManager.swift */; };
/* End PBXBuildFile section */

/* Begin PBXFileReference section */
		DB01D2F927AE801A00DA13D2 /* Owner.swift */ = {isa = PBXFileReference; lastKnownFileType = sourcecode.swift; path = Owner.swift; sourceTree = "<group>"; };
		DB01D2FB27AE819E00DA13D2 /* OwnerViewModel.swift */ = {isa = PBXFileReference; lastKnownFileType = sourcecode.swift; path = OwnerViewModel.swift; sourceTree = "<group>"; };
		DB01D2FE27AFC60700DA13D2 /* HoustonView.swift */ = {isa = PBXFileReference; lastKnownFileType = sourcecode.swift; path = HoustonView.swift; sourceTree = "<group>"; };
		DB229FFC27B152A400D0AE16 /* NetworkMonitor.swift */ = {isa = PBXFileReference; lastKnownFileType = sourcecode.swift; path = NetworkMonitor.swift; sourceTree = "<group>"; };
		DB229FFF27B1541C00D0AE16 /* ErrorNetworkView.swift */ = {isa = PBXFileReference; lastKnownFileType = sourcecode.swift; path = ErrorNetworkView.swift; sourceTree = "<group>"; };
		DB2D05A627BDE9BD00846CCD /* UserViewModel.swift */ = {isa = PBXFileReference; lastKnownFileType = sourcecode.swift; path = UserViewModel.swift; sourceTree = "<group>"; };
		DB2DD91627ABFECC001ACB18 /* NavigationBarModifier.swift */ = {isa = PBXFileReference; lastKnownFileType = sourcecode.swift; path = NavigationBarModifier.swift; sourceTree = "<group>"; };
		DB31BA9327A91617009F0F74 /* GitHubRepositories.app */ = {isa = PBXFileReference; explicitFileType = wrapper.application; includeInIndex = 0; path = GitHubRepositories.app; sourceTree = BUILT_PRODUCTS_DIR; };
		DB31BA9627A91617009F0F74 /* GitHubRepositoriesApp.swift */ = {isa = PBXFileReference; lastKnownFileType = sourcecode.swift; path = GitHubRepositoriesApp.swift; sourceTree = "<group>"; };
		DB31BA9827A91617009F0F74 /* AuthView.swift */ = {isa = PBXFileReference; lastKnownFileType = sourcecode.swift; path = AuthView.swift; sourceTree = "<group>"; };
		DB31BA9A27A91619009F0F74 /* Assets.xcassets */ = {isa = PBXFileReference; lastKnownFileType = folder.assetcatalog; path = Assets.xcassets; sourceTree = "<group>"; };
		DB31BA9D27A91619009F0F74 /* Preview Assets.xcassets */ = {isa = PBXFileReference; lastKnownFileType = folder.assetcatalog; path = "Preview Assets.xcassets"; sourceTree = "<group>"; };
		DB31BAA627A92941009F0F74 /* RepositoriesListView.swift */ = {isa = PBXFileReference; lastKnownFileType = sourcecode.swift; path = RepositoriesListView.swift; sourceTree = "<group>"; };
		DB31BAA827A929B8009F0F74 /* AuthViewModel.swift */ = {isa = PBXFileReference; lastKnownFileType = sourcecode.swift; path = AuthViewModel.swift; sourceTree = "<group>"; };
		DB31BAAB27A93477009F0F74 /* NetworkManager.swift */ = {isa = PBXFileReference; lastKnownFileType = sourcecode.swift; path = NetworkManager.swift; sourceTree = "<group>"; };
		DB31BAAE27AA557A009F0F74 /* User.swift */ = {isa = PBXFileReference; lastKnownFileType = sourcecode.swift; path = User.swift; sourceTree = "<group>"; };
		DB31BAB027AA55F3009F0F74 /* Repository.swift */ = {isa = PBXFileReference; lastKnownFileType = sourcecode.swift; path = Repository.swift; sourceTree = "<group>"; };
		DB31BAB227AA5B4F009F0F74 /* StarterView.swift */ = {isa = PBXFileReference; lastKnownFileType = sourcecode.swift; path = StarterView.swift; sourceTree = "<group>"; };
		DB31BAB727AA670A009F0F74 /* RepositoriesListViewModel.swift */ = {isa = PBXFileReference; lastKnownFileType = sourcecode.swift; path = RepositoriesListViewModel.swift; sourceTree = "<group>"; };
		DB31BABA27AA72FF009F0F74 /* ForestButtonView.swift */ = {isa = PBXFileReference; lastKnownFileType = sourcecode.swift; path = ForestButtonView.swift; sourceTree = "<group>"; };
		DB31BABC27AA762E009F0F74 /* SpinnerView.swift */ = {isa = PBXFileReference; lastKnownFileType = sourcecode.swift; path = SpinnerView.swift; sourceTree = "<group>"; };
		DB31BABF27AA91C7009F0F74 /* ForestButtonStyle.swift */ = {isa = PBXFileReference; lastKnownFileType = sourcecode.swift; path = ForestButtonStyle.swift; sourceTree = "<group>"; };
		DB31BAC127AA927E009F0F74 /* BlackTextFieldStyle.swift */ = {isa = PBXFileReference; lastKnownFileType = sourcecode.swift; path = BlackTextFieldStyle.swift; sourceTree = "<group>"; };
		DB31BAC427AA9A57009F0F74 /* Hidden.swift */ = {isa = PBXFileReference; lastKnownFileType = sourcecode.swift; path = Hidden.swift; sourceTree = "<group>"; };
		DB31BAC727AAA275009F0F74 /* Extension + UIApplication.swift */ = {isa = PBXFileReference; lastKnownFileType = sourcecode.swift; path = "Extension + UIApplication.swift"; sourceTree = "<group>"; };
		DB31BAC927AAA7E8009F0F74 /* Extension + UIWindow.swift */ = {isa = PBXFileReference; lastKnownFileType = sourcecode.swift; path = "Extension + UIWindow.swift"; sourceTree = "<group>"; };
		DB31BACB27AAB107009F0F74 /* .gitignore */ = {isa = PBXFileReference; lastKnownFileType = text; path = .gitignore; sourceTree = "<group>"; };
		DB31BAD027AB9809009F0F74 /* Extension + UIDevice.swift */ = {isa = PBXFileReference; lastKnownFileType = sourcecode.swift; path = "Extension + UIDevice.swift"; sourceTree = "<group>"; };
		DB31BAD227ABBBFE009F0F74 /* RepositoryRowView.swift */ = {isa = PBXFileReference; lastKnownFileType = sourcecode.swift; path = RepositoryRowView.swift; sourceTree = "<group>"; };
		DB31BAD427ABBD11009F0F74 /* RepositoryViewModel.swift */ = {isa = PBXFileReference; lastKnownFileType = sourcecode.swift; path = RepositoryViewModel.swift; sourceTree = "<group>"; };
		DB67353D27ACCBBE002DF23E /* ToolbarExitButtonView.swift */ = {isa = PBXFileReference; lastKnownFileType = sourcecode.swift; path = ToolbarExitButtonView.swift; sourceTree = "<group>"; };
		DB67353F27ACCFE0002DF23E /* PageManager.swift */ = {isa = PBXFileReference; lastKnownFileType = sourcecode.swift; path = PageManager.swift; sourceTree = "<group>"; };
		DB67354427ACE899002DF23E /* RepositoryDetailView.swift */ = {isa = PBXFileReference; lastKnownFileType = sourcecode.swift; path = RepositoryDetailView.swift; sourceTree = "<group>"; };
		DB67354627AD016B002DF23E /* LicenseView.swift */ = {isa = PBXFileReference; lastKnownFileType = sourcecode.swift; path = LicenseView.swift; sourceTree = "<group>"; };
		DB67354827AD23AC002DF23E /* InfoView.swift */ = {isa = PBXFileReference; lastKnownFileType = sourcecode.swift; path = InfoView.swift; sourceTree = "<group>"; };
		DB67354A27AD3E11002DF23E /* License.swift */ = {isa = PBXFileReference; lastKnownFileType = sourcecode.swift; path = License.swift; sourceTree = "<group>"; };
		DB67354C27AD54D2002DF23E /* LicenseViewModel.swift */ = {isa = PBXFileReference; lastKnownFileType = sourcecode.swift; path = LicenseViewModel.swift; sourceTree = "<group>"; };
		DB67354F27AD74D7002DF23E /* Helper.swift */ = {isa = PBXFileReference; lastKnownFileType = sourcecode.swift; path = Helper.swift; sourceTree = "<group>"; };
		DB90826627B65B2000F99916 /* PullToRefresh.swift */ = {isa = PBXFileReference; lastKnownFileType = sourcecode.swift; path = PullToRefresh.swift; sourceTree = "<group>"; };
		DBC5390F27B1167900D1329D /* LoadingIndicatorView.swift */ = {isa = PBXFileReference; lastKnownFileType = sourcecode.swift; path = LoadingIndicatorView.swift; sourceTree = "<group>"; };
		DBF6630D27B21D50009D91CF /* AppStorageManager.swift */ = {isa = PBXFileReference; lastKnownFileType = sourcecode.swift; path = AppStorageManager.swift; sourceTree = "<group>"; };
/* End PBXFileReference section */

/* Begin PBXFrameworksBuildPhase section */
		DB31BA9027A91617009F0F74 /* Frameworks */ = {
			isa = PBXFrameworksBuildPhase;
			buildActionMask = 2147483647;
			files = (
				DBB8528127AE66A4002521DC /* MarkdownUI in Frameworks */,
			);
			runOnlyForDeploymentPostprocessing = 0;
		};
/* End PBXFrameworksBuildPhase section */

/* Begin PBXGroup section */
		DB229FFE27B153EF00D0AE16 /* ErrorView */ = {
			isa = PBXGroup;
			children = (
				DB229FFF27B1541C00D0AE16 /* ErrorNetworkView.swift */,
				DB01D2FE27AFC60700DA13D2 /* HoustonView.swift */,
			);
			path = ErrorView;
			sourceTree = "<group>";
		};
		DB31BA8A27A91616009F0F74 = {
			isa = PBXGroup;
			children = (
				DB31BACB27AAB107009F0F74 /* .gitignore */,
				DB31BA9527A91617009F0F74 /* GitHubRepositories */,
				DB31BA9427A91617009F0F74 /* Products */,
			);
			sourceTree = "<group>";
		};
		DB31BA9427A91617009F0F74 /* Products */ = {
			isa = PBXGroup;
			children = (
				DB31BA9327A91617009F0F74 /* GitHubRepositories.app */,
			);
			name = Products;
			sourceTree = "<group>";
		};
		DB31BA9527A91617009F0F74 /* GitHubRepositories */ = {
			isa = PBXGroup;
			children = (
				DB31BA9627A91617009F0F74 /* GitHubRepositoriesApp.swift */,
				DB31BAA427A92426009F0F74 /* Views */,
				DB31BAAA27A93453009F0F74 /* Services */,
				DB31BAAD27AA5559009F0F74 /* Models */,
				DB31BAC327AA9A16009F0F74 /* Modifiers */,
				DB31BAA527A9243F009F0F74 /* Configurations */,
				DB31BAC627AAA254009F0F74 /* Extensions */,
				DB67354E27AD74A6002DF23E /* Helpers */,
				DB31BA9A27A91619009F0F74 /* Assets.xcassets */,
				DB31BA9C27A91619009F0F74 /* Preview Content */,
			);
			path = GitHubRepositories;
			sourceTree = "<group>";
		};
		DB31BA9C27A91619009F0F74 /* Preview Content */ = {
			isa = PBXGroup;
			children = (
				DB31BA9D27A91619009F0F74 /* Preview Assets.xcassets */,
			);
			path = "Preview Content";
			sourceTree = "<group>";
		};
		DB31BAA427A92426009F0F74 /* Views */ = {
			isa = PBXGroup;
			children = (
				DB31BAB427AA6083009F0F74 /* StarterView */,
				DB31BAB527AA6092009F0F74 /* AuthView */,
				DB31BAB627AA60AB009F0F74 /* RepositoriesListView */,
				DB67354327ACE80A002DF23E /* RepositoryDetailView */,
				DB229FFE27B153EF00D0AE16 /* ErrorView */,
			);
			path = Views;
			sourceTree = "<group>";
		};
		DB31BAA527A9243F009F0F74 /* Configurations */ = {
			isa = PBXGroup;
			children = (
				DB31BABF27AA91C7009F0F74 /* ForestButtonStyle.swift */,
				DB31BAC127AA927E009F0F74 /* BlackTextFieldStyle.swift */,
			);
			path = Configurations;
			sourceTree = "<group>";
		};
		DB31BAAA27A93453009F0F74 /* Services */ = {
			isa = PBXGroup;
			children = (
				DB31BAAB27A93477009F0F74 /* NetworkManager.swift */,
				DBF6630D27B21D50009D91CF /* AppStorageManager.swift */,
				DB67353F27ACCFE0002DF23E /* PageManager.swift */,
				DB229FFC27B152A400D0AE16 /* NetworkMonitor.swift */,
			);
			path = Services;
			sourceTree = "<group>";
		};
		DB31BAAD27AA5559009F0F74 /* Models */ = {
			isa = PBXGroup;
			children = (
				DB31BAAE27AA557A009F0F74 /* User.swift */,
				DB31BAB027AA55F3009F0F74 /* Repository.swift */,
				DB67354A27AD3E11002DF23E /* License.swift */,
				DB01D2F927AE801A00DA13D2 /* Owner.swift */,
			);
			path = Models;
			sourceTree = "<group>";
		};
		DB31BAB427AA6083009F0F74 /* StarterView */ = {
			isa = PBXGroup;
			children = (
				DB31BAB227AA5B4F009F0F74 /* StarterView.swift */,
			);
			path = StarterView;
			sourceTree = "<group>";
		};
		DB31BAB527AA6092009F0F74 /* AuthView */ = {
			isa = PBXGroup;
			children = (
				DB31BAA827A929B8009F0F74 /* AuthViewModel.swift */,
				DB2D05A627BDE9BD00846CCD /* UserViewModel.swift */,
				DB31BA9827A91617009F0F74 /* AuthView.swift */,
				DB31BABA27AA72FF009F0F74 /* ForestButtonView.swift */,
				DB31BABC27AA762E009F0F74 /* SpinnerView.swift */,
			);
			path = AuthView;
			sourceTree = "<group>";
		};
		DB31BAB627AA60AB009F0F74 /* RepositoriesListView */ = {
			isa = PBXGroup;
			children = (
				DB31BAD427ABBD11009F0F74 /* RepositoryViewModel.swift */,
				DB67354C27AD54D2002DF23E /* LicenseViewModel.swift */,
				DB01D2FB27AE819E00DA13D2 /* OwnerViewModel.swift */,
				DB31BAB727AA670A009F0F74 /* RepositoriesListViewModel.swift */,
				DB31BAA627A92941009F0F74 /* RepositoriesListView.swift */,
				DB31BAD227ABBBFE009F0F74 /* RepositoryRowView.swift */,
				DB67353D27ACCBBE002DF23E /* ToolbarExitButtonView.swift */,
				DBC5390F27B1167900D1329D /* LoadingIndicatorView.swift */,
				DB90826627B65B2000F99916 /* PullToRefresh.swift */,
			);
			path = RepositoriesListView;
			sourceTree = "<group>";
		};
		DB31BAC327AA9A16009F0F74 /* Modifiers */ = {
			isa = PBXGroup;
			children = (
				DB31BAC427AA9A57009F0F74 /* Hidden.swift */,
				DB2DD91627ABFECC001ACB18 /* NavigationBarModifier.swift */,
			);
			path = Modifiers;
			sourceTree = "<group>";
		};
		DB31BAC627AAA254009F0F74 /* Extensions */ = {
			isa = PBXGroup;
			children = (
				DB31BAC727AAA275009F0F74 /* Extension + UIApplication.swift */,
				DB31BAC927AAA7E8009F0F74 /* Extension + UIWindow.swift */,
				DB31BAD027AB9809009F0F74 /* Extension + UIDevice.swift */,
			);
			path = Extensions;
			sourceTree = "<group>";
		};
		DB67354327ACE80A002DF23E /* RepositoryDetailView */ = {
			isa = PBXGroup;
			children = (
				DB67354427ACE899002DF23E /* RepositoryDetailView.swift */,
				DB67354627AD016B002DF23E /* LicenseView.swift */,
				DB67354827AD23AC002DF23E /* InfoView.swift */,
			);
			path = RepositoryDetailView;
			sourceTree = "<group>";
		};
		DB67354E27AD74A6002DF23E /* Helpers */ = {
			isa = PBXGroup;
			children = (
				DB67354F27AD74D7002DF23E /* Helper.swift */,
			);
			path = Helpers;
			sourceTree = "<group>";
		};
/* End PBXGroup section */

/* Begin PBXNativeTarget section */
		DB31BA9227A91617009F0F74 /* GitHubRepositories */ = {
			isa = PBXNativeTarget;
			buildConfigurationList = DB31BAA127A91619009F0F74 /* Build configuration list for PBXNativeTarget "GitHubRepositories" */;
			buildPhases = (
				DB31BA8F27A91617009F0F74 /* Sources */,
				DB31BA9027A91617009F0F74 /* Frameworks */,
				DB31BA9127A91617009F0F74 /* Resources */,
			);
			buildRules = (
			);
			dependencies = (
			);
			name = GitHubRepositories;
			packageProductDependencies = (
				DBB8528027AE66A4002521DC /* MarkdownUI */,
			);
			productName = GitHubRepositories;
			productReference = DB31BA9327A91617009F0F74 /* GitHubRepositories.app */;
			productType = "com.apple.product-type.application";
		};
/* End PBXNativeTarget section */

/* Begin PBXProject section */
		DB31BA8B27A91616009F0F74 /* Project object */ = {
			isa = PBXProject;
			attributes = {
				BuildIndependentTargetsInParallel = 1;
				LastSwiftUpdateCheck = 1320;
				LastUpgradeCheck = 1320;
				TargetAttributes = {
					DB31BA9227A91617009F0F74 = {
						CreatedOnToolsVersion = 13.2.1;
					};
				};
			};
			buildConfigurationList = DB31BA8E27A91616009F0F74 /* Build configuration list for PBXProject "GitHubRepositories" */;
			compatibilityVersion = "Xcode 13.0";
			developmentRegion = en;
			hasScannedForEncodings = 0;
			knownRegions = (
				en,
				Base,
			);
			mainGroup = DB31BA8A27A91616009F0F74;
			packageReferences = (
				DBB8527F27AE66A4002521DC /* XCRemoteSwiftPackageReference "MarkdownUI" */,
			);
			productRefGroup = DB31BA9427A91617009F0F74 /* Products */;
			projectDirPath = "";
			projectRoot = "";
			targets = (
				DB31BA9227A91617009F0F74 /* GitHubRepositories */,
			);
		};
/* End PBXProject section */

/* Begin PBXResourcesBuildPhase section */
		DB31BA9127A91617009F0F74 /* Resources */ = {
			isa = PBXResourcesBuildPhase;
			buildActionMask = 2147483647;
			files = (
				DB31BA9E27A91619009F0F74 /* Preview Assets.xcassets in Resources */,
				DB31BACC27AAB108009F0F74 /* .gitignore in Resources */,
				DB31BA9B27A91619009F0F74 /* Assets.xcassets in Resources */,
			);
			runOnlyForDeploymentPostprocessing = 0;
		};
/* End PBXResourcesBuildPhase section */

/* Begin PBXSourcesBuildPhase section */
		DB31BA8F27A91617009F0F74 /* Sources */ = {
			isa = PBXSourcesBuildPhase;
			buildActionMask = 2147483647;
			files = (
				DB31BABB27AA72FF009F0F74 /* ForestButtonView.swift in Sources */,
				DB31BAB127AA55F3009F0F74 /* Repository.swift in Sources */,
				DB31BAA927A929B9009F0F74 /* AuthViewModel.swift in Sources */,
				DB67354B27AD3E11002DF23E /* License.swift in Sources */,
				DBC5391027B1167900D1329D /* LoadingIndicatorView.swift in Sources */,
				DB31BACA27AAA7E8009F0F74 /* Extension + UIWindow.swift in Sources */,
				DB31BAA727A92942009F0F74 /* RepositoriesListView.swift in Sources */,
				DB01D2FC27AE819E00DA13D2 /* OwnerViewModel.swift in Sources */,
				DB22A00027B1541C00D0AE16 /* ErrorNetworkView.swift in Sources */,
				DB31BAAF27AA557B009F0F74 /* User.swift in Sources */,
				DB31BAB827AA670B009F0F74 /* RepositoriesListViewModel.swift in Sources */,
				DB31BAC827AAA275009F0F74 /* Extension + UIApplication.swift in Sources */,
				DB01D2FA27AE801A00DA13D2 /* Owner.swift in Sources */,
				DB90826727B65B2000F99916 /* PullToRefresh.swift in Sources */,
				DB31BAB327AA5B4F009F0F74 /* StarterView.swift in Sources */,
				DB31BAD127AB980A009F0F74 /* Extension + UIDevice.swift in Sources */,
				DB67354727AD016B002DF23E /* LicenseView.swift in Sources */,
				DB67353E27ACCBBE002DF23E /* ToolbarExitButtonView.swift in Sources */,
				DB2DD91727ABFECC001ACB18 /* NavigationBarModifier.swift in Sources */,
				DB31BAD527ABBD11009F0F74 /* RepositoryViewModel.swift in Sources */,
				DB01D2FF27AFC60700DA13D2 /* HoustonView.swift in Sources */,
				DB67355027AD74D7002DF23E /* Helper.swift in Sources */,
				DB31BAAC27A93477009F0F74 /* NetworkManager.swift in Sources */,
				DB67354527ACE899002DF23E /* RepositoryDetailView.swift in Sources */,
				DB229FFD27B152A400D0AE16 /* NetworkMonitor.swift in Sources */,
				DB31BA9927A91617009F0F74 /* AuthView.swift in Sources */,
				DB31BABD27AA762E009F0F74 /* SpinnerView.swift in Sources */,
				DB67354027ACCFE0002DF23E /* PageManager.swift in Sources */,
				DB2D05A727BDE9BD00846CCD /* UserViewModel.swift in Sources */,
				DB67354D27AD54D3002DF23E /* LicenseViewModel.swift in Sources */,
				DB31BAC027AA91C7009F0F74 /* ForestButtonStyle.swift in Sources */,
				DB31BAC527AA9A57009F0F74 /* Hidden.swift in Sources */,
				DB31BAD327ABBBFE009F0F74 /* RepositoryRowView.swift in Sources */,
				DB31BAC227AA927E009F0F74 /* BlackTextFieldStyle.swift in Sources */,
				DB67354927AD23AC002DF23E /* InfoView.swift in Sources */,
				DB31BA9727A91617009F0F74 /* GitHubRepositoriesApp.swift in Sources */,
				DBF6630E27B21D50009D91CF /* AppStorageManager.swift in Sources */,
			);
			runOnlyForDeploymentPostprocessing = 0;
		};
/* End PBXSourcesBuildPhase section */

/* Begin XCBuildConfiguration section */
		DB31BA9F27A91619009F0F74 /* Debug */ = {
			isa = XCBuildConfiguration;
			buildSettings = {
				ALWAYS_SEARCH_USER_PATHS = NO;
				CLANG_ANALYZER_NONNULL = YES;
				CLANG_ANALYZER_NUMBER_OBJECT_CONVERSION = YES_AGGRESSIVE;
				CLANG_CXX_LANGUAGE_STANDARD = "gnu++17";
				CLANG_CXX_LIBRARY = "libc++";
				CLANG_ENABLE_MODULES = YES;
				CLANG_ENABLE_OBJC_ARC = YES;
				CLANG_ENABLE_OBJC_WEAK = YES;
				CLANG_WARN_BLOCK_CAPTURE_AUTORELEASING = YES;
				CLANG_WARN_BOOL_CONVERSION = YES;
				CLANG_WARN_COMMA = YES;
				CLANG_WARN_CONSTANT_CONVERSION = YES;
				CLANG_WARN_DEPRECATED_OBJC_IMPLEMENTATIONS = YES;
				CLANG_WARN_DIRECT_OBJC_ISA_USAGE = YES_ERROR;
				CLANG_WARN_DOCUMENTATION_COMMENTS = YES;
				CLANG_WARN_EMPTY_BODY = YES;
				CLANG_WARN_ENUM_CONVERSION = YES;
				CLANG_WARN_INFINITE_RECURSION = YES;
				CLANG_WARN_INT_CONVERSION = YES;
				CLANG_WARN_NON_LITERAL_NULL_CONVERSION = YES;
				CLANG_WARN_OBJC_IMPLICIT_RETAIN_SELF = YES;
				CLANG_WARN_OBJC_LITERAL_CONVERSION = YES;
				CLANG_WARN_OBJC_ROOT_CLASS = YES_ERROR;
				CLANG_WARN_QUOTED_INCLUDE_IN_FRAMEWORK_HEADER = YES;
				CLANG_WARN_RANGE_LOOP_ANALYSIS = YES;
				CLANG_WARN_STRICT_PROTOTYPES = YES;
				CLANG_WARN_SUSPICIOUS_MOVE = YES;
				CLANG_WARN_UNGUARDED_AVAILABILITY = YES_AGGRESSIVE;
				CLANG_WARN_UNREACHABLE_CODE = YES;
				CLANG_WARN__DUPLICATE_METHOD_MATCH = YES;
				COPY_PHASE_STRIP = NO;
				DEBUG_INFORMATION_FORMAT = dwarf;
				ENABLE_STRICT_OBJC_MSGSEND = YES;
				ENABLE_TESTABILITY = YES;
				GCC_C_LANGUAGE_STANDARD = gnu11;
				GCC_DYNAMIC_NO_PIC = NO;
				GCC_NO_COMMON_BLOCKS = YES;
				GCC_OPTIMIZATION_LEVEL = 0;
				GCC_PREPROCESSOR_DEFINITIONS = (
					"DEBUG=1",
					"$(inherited)",
				);
				GCC_WARN_64_TO_32_BIT_CONVERSION = YES;
				GCC_WARN_ABOUT_RETURN_TYPE = YES_ERROR;
				GCC_WARN_UNDECLARED_SELECTOR = YES;
				GCC_WARN_UNINITIALIZED_AUTOS = YES_AGGRESSIVE;
				GCC_WARN_UNUSED_FUNCTION = YES;
				GCC_WARN_UNUSED_VARIABLE = YES;
				IPHONEOS_DEPLOYMENT_TARGET = 14.0;
				MTL_ENABLE_DEBUG_INFO = INCLUDE_SOURCE;
				MTL_FAST_MATH = YES;
				ONLY_ACTIVE_ARCH = YES;
				SDKROOT = iphoneos;
				SWIFT_ACTIVE_COMPILATION_CONDITIONS = DEBUG;
				SWIFT_OPTIMIZATION_LEVEL = "-Onone";
			};
			name = Debug;
		};
		DB31BAA027A91619009F0F74 /* Release */ = {
			isa = XCBuildConfiguration;
			buildSettings = {
				ALWAYS_SEARCH_USER_PATHS = NO;
				CLANG_ANALYZER_NONNULL = YES;
				CLANG_ANALYZER_NUMBER_OBJECT_CONVERSION = YES_AGGRESSIVE;
				CLANG_CXX_LANGUAGE_STANDARD = "gnu++17";
				CLANG_CXX_LIBRARY = "libc++";
				CLANG_ENABLE_MODULES = YES;
				CLANG_ENABLE_OBJC_ARC = YES;
				CLANG_ENABLE_OBJC_WEAK = YES;
				CLANG_WARN_BLOCK_CAPTURE_AUTORELEASING = YES;
				CLANG_WARN_BOOL_CONVERSION = YES;
				CLANG_WARN_COMMA = YES;
				CLANG_WARN_CONSTANT_CONVERSION = YES;
				CLANG_WARN_DEPRECATED_OBJC_IMPLEMENTATIONS = YES;
				CLANG_WARN_DIRECT_OBJC_ISA_USAGE = YES_ERROR;
				CLANG_WARN_DOCUMENTATION_COMMENTS = YES;
				CLANG_WARN_EMPTY_BODY = YES;
				CLANG_WARN_ENUM_CONVERSION = YES;
				CLANG_WARN_INFINITE_RECURSION = YES;
				CLANG_WARN_INT_CONVERSION = YES;
				CLANG_WARN_NON_LITERAL_NULL_CONVERSION = YES;
				CLANG_WARN_OBJC_IMPLICIT_RETAIN_SELF = YES;
				CLANG_WARN_OBJC_LITERAL_CONVERSION = YES;
				CLANG_WARN_OBJC_ROOT_CLASS = YES_ERROR;
				CLANG_WARN_QUOTED_INCLUDE_IN_FRAMEWORK_HEADER = YES;
				CLANG_WARN_RANGE_LOOP_ANALYSIS = YES;
				CLANG_WARN_STRICT_PROTOTYPES = YES;
				CLANG_WARN_SUSPICIOUS_MOVE = YES;
				CLANG_WARN_UNGUARDED_AVAILABILITY = YES_AGGRESSIVE;
				CLANG_WARN_UNREACHABLE_CODE = YES;
				CLANG_WARN__DUPLICATE_METHOD_MATCH = YES;
				COPY_PHASE_STRIP = NO;
				DEBUG_INFORMATION_FORMAT = "dwarf-with-dsym";
				ENABLE_NS_ASSERTIONS = NO;
				ENABLE_STRICT_OBJC_MSGSEND = YES;
				GCC_C_LANGUAGE_STANDARD = gnu11;
				GCC_NO_COMMON_BLOCKS = YES;
				GCC_WARN_64_TO_32_BIT_CONVERSION = YES;
				GCC_WARN_ABOUT_RETURN_TYPE = YES_ERROR;
				GCC_WARN_UNDECLARED_SELECTOR = YES;
				GCC_WARN_UNINITIALIZED_AUTOS = YES_AGGRESSIVE;
				GCC_WARN_UNUSED_FUNCTION = YES;
				GCC_WARN_UNUSED_VARIABLE = YES;
				IPHONEOS_DEPLOYMENT_TARGET = 14.0;
				MTL_ENABLE_DEBUG_INFO = NO;
				MTL_FAST_MATH = YES;
				SDKROOT = iphoneos;
				SWIFT_COMPILATION_MODE = wholemodule;
				SWIFT_OPTIMIZATION_LEVEL = "-O";
				VALIDATE_PRODUCT = YES;
			};
			name = Release;
		};
		DB31BAA227A91619009F0F74 /* Debug */ = {
			isa = XCBuildConfiguration;
			buildSettings = {
				ASSETCATALOG_COMPILER_APPICON_NAME = AppIcon;
				ASSETCATALOG_COMPILER_GLOBAL_ACCENT_COLOR_NAME = AccentColor;
				CODE_SIGN_STYLE = Automatic;
				CURRENT_PROJECT_VERSION = 1;
				DEVELOPMENT_ASSET_PATHS = "\"GitHubRepositories/Preview Content\"";
				DEVELOPMENT_TEAM = BZ37T979L3;
				ENABLE_PREVIEWS = YES;
				GENERATE_INFOPLIST_FILE = YES;
				INFOPLIST_KEY_UIApplicationSceneManifest_Generation = YES;
				INFOPLIST_KEY_UIApplicationSupportsIndirectInputEvents = YES;
				INFOPLIST_KEY_UILaunchScreen_Generation = YES;
				INFOPLIST_KEY_UISupportedInterfaceOrientations_iPad = "UIInterfaceOrientationPortrait UIInterfaceOrientationPortraitUpsideDown UIInterfaceOrientationLandscapeLeft UIInterfaceOrientationLandscapeRight";
				INFOPLIST_KEY_UISupportedInterfaceOrientations_iPhone = "UIInterfaceOrientationPortrait UIInterfaceOrientationLandscapeLeft UIInterfaceOrientationLandscapeRight";
				IPHONEOS_DEPLOYMENT_TARGET = 14.0;
				LD_RUNPATH_SEARCH_PATHS = (
					"$(inherited)",
					"@executable_path/Frameworks",
				);
				MARKETING_VERSION = 1.0;
				PRODUCT_BUNDLE_IDENTIFIER = com.DmitryKononchuk.GitHubRepositories;
				PRODUCT_NAME = "$(TARGET_NAME)";
				SWIFT_EMIT_LOC_STRINGS = YES;
				SWIFT_VERSION = 5.0;
				TARGETED_DEVICE_FAMILY = "1,2";
			};
			name = Debug;
		};
		DB31BAA327A91619009F0F74 /* Release */ = {
			isa = XCBuildConfiguration;
			buildSettings = {
				ASSETCATALOG_COMPILER_APPICON_NAME = AppIcon;
				ASSETCATALOG_COMPILER_GLOBAL_ACCENT_COLOR_NAME = AccentColor;
				CODE_SIGN_STYLE = Automatic;
				CURRENT_PROJECT_VERSION = 1;
				DEVELOPMENT_ASSET_PATHS = "\"GitHubRepositories/Preview Content\"";
				DEVELOPMENT_TEAM = BZ37T979L3;
				ENABLE_PREVIEWS = YES;
				GENERATE_INFOPLIST_FILE = YES;
				INFOPLIST_KEY_UIApplicationSceneManifest_Generation = YES;
				INFOPLIST_KEY_UIApplicationSupportsIndirectInputEvents = YES;
				INFOPLIST_KEY_UILaunchScreen_Generation = YES;
				INFOPLIST_KEY_UISupportedInterfaceOrientations_iPad = "UIInterfaceOrientationPortrait UIInterfaceOrientationPortraitUpsideDown UIInterfaceOrientationLandscapeLeft UIInterfaceOrientationLandscapeRight";
				INFOPLIST_KEY_UISupportedInterfaceOrientations_iPhone = "UIInterfaceOrientationPortrait UIInterfaceOrientationLandscapeLeft UIInterfaceOrientationLandscapeRight";
				IPHONEOS_DEPLOYMENT_TARGET = 14.0;
				LD_RUNPATH_SEARCH_PATHS = (
					"$(inherited)",
					"@executable_path/Frameworks",
				);
				MARKETING_VERSION = 1.0;
				PRODUCT_BUNDLE_IDENTIFIER = com.DmitryKononchuk.GitHubRepositories;
				PRODUCT_NAME = "$(TARGET_NAME)";
				SWIFT_EMIT_LOC_STRINGS = YES;
				SWIFT_VERSION = 5.0;
				TARGETED_DEVICE_FAMILY = "1,2";
			};
			name = Release;
		};
/* End XCBuildConfiguration section */

/* Begin XCConfigurationList section */
		DB31BA8E27A91616009F0F74 /* Build configuration list for PBXProject "GitHubRepositories" */ = {
			isa = XCConfigurationList;
			buildConfigurations = (
				DB31BA9F27A91619009F0F74 /* Debug */,
				DB31BAA027A91619009F0F74 /* Release */,
			);
			defaultConfigurationIsVisible = 0;
			defaultConfigurationName = Release;
		};
		DB31BAA127A91619009F0F74 /* Build configuration list for PBXNativeTarget "GitHubRepositories" */ = {
			isa = XCConfigurationList;
			buildConfigurations = (
				DB31BAA227A91619009F0F74 /* Debug */,
				DB31BAA327A91619009F0F74 /* Release */,
			);
			defaultConfigurationIsVisible = 0;
			defaultConfigurationName = Release;
		};
/* End XCConfigurationList section */

/* Begin XCRemoteSwiftPackageReference section */
		DBB8527F27AE66A4002521DC /* XCRemoteSwiftPackageReference "MarkdownUI" */ = {
			isa = XCRemoteSwiftPackageReference;
			repositoryURL = "https://github.com/gonzalezreal/MarkdownUI";
			requirement = {
				branch = main;
				kind = branch;
			};
		};
/* End XCRemoteSwiftPackageReference section */

/* Begin XCSwiftPackageProductDependency section */
		DBB8528027AE66A4002521DC /* MarkdownUI */ = {
			isa = XCSwiftPackageProductDependency;
			package = DBB8527F27AE66A4002521DC /* XCRemoteSwiftPackageReference "MarkdownUI" */;
			productName = MarkdownUI;
		};
/* End XCSwiftPackageProductDependency section */
	};
	rootObject = DB31BA8B27A91616009F0F74 /* Project object */;
}
